
Microsoft Visual Studio Solution File, Format Version 12.00
# Visual Studio Version 16
VisualStudioVersion = 16.0.29509.3
MinimumVisualStudioVersion = 10.0.40219.1
Project("{FAE04EC0-301F-11D3-BF4B-00C04F79EFBC}") = "POD-Extractor", "POD-Extractor\POD-Extractor.csproj", "{90D059FA-CD77-4F03-941D-489901232DD6}"
EndProject
Global
	GlobalSection(SolutionConfigurationPlatforms) = preSolution
		Debug|Any CPU = Debug|Any CPU
		Release|Any CPU = Release|Any CPU
	EndGlobalSection
	GlobalSection(ProjectConfigurationPlatforms) = postSolution
		{90D059FA-CD77-4F03-941D-489901232DD6}.Debug|Any CPU.ActiveCfg = Debug|Any CPU
		{90D059FA-CD77-4F03-941D-489901232DD6}.Debug|Any CPU.Build.0 = Debug|Any CPU
		{90D059FA-CD77-4F03-941D-489901232DD6}.Release|Any CPU.ActiveCfg = Release|Any CPU
		{90D059FA-CD77-4F03-941D-489901232DD6}.Release|Any CPU.Build.0 = Release|Any CPU
	EndGlobalSection
	GlobalSection(SolutionProperties) = preSolution
		HideSolutionNode = FALSE
	EndGlobalSection
	GlobalSection(ExtensibilityGlobals) = postSolution
		SolutionGuid = {8E2FD756-5422-4653-90E8-B611948FADEC}
	EndGlobalSection
EndGlobal
